{
  "name": "hello-github-actions-repo",
  "version": "1.0.0",
  "description": "A simple Node.js project for GitHub Actions testing",
  "main": "index.js",
  "scripts": {
    "build": "echo 'Building project...' && mkdir -p dist && echo 'console.log(\"Hello from built project!\");' > dist/index.js",
    "start": "node index.js",
    "test": "echo 'No tests specified yet'"
  },
  "keywords": ["github-actions", "nodejs", "ci-cd"],
  "author": "Your Name",
  "license": "MIT",
  "devDependencies": {},
  "dependencies": {}
}